
Microsoft Visual Studio Solution File, Format Version 12.00
# Visual Studio Version 16
VisualStudioVersion = 16.0.29519.181
MinimumVisualStudioVersion = 10.0.40219.1
Project("{FAE04EC0-301F-11D3-BF4B-00C04F79EFBC}") = "GearSystemExtend", "GearSystemExtend\GearSystemExtend.csproj", "{8B7CB879-0103-429C-96C7-FE4D18B47812}"
EndProject
Project("{FAE04EC0-301F-11D3-BF4B-00C04F79EFBC}") = "GearMartrix", "GearMarTrix\GearMartrix.csproj", "{00345AE9-E57F-4F62-9283-E912BCF6E818}"
EndProject
Project("{2150E333-8FDC-42A3-9474-1A3956D46DE8}") = "GearTools", "GearTools", "{34079B24-6FC6-4E11-88EF-764E4CDC32FC}"
EndProject
Project("{FAE04EC0-301F-11D3-BF4B-00C04F79EFBC}") = "GearImageTools", "GearImageTools\GearImageTools.csproj", "{161C08EE-FCF6-4F48-95B4-6ED1F38F9AB0}"
EndProject
Project("{FAE04EC0-301F-11D3-BF4B-00C04F79EFBC}") = "GearCoordinateTransform", "GearCoordinateTransform\GearCoordinateTransform.csproj", "{C5558575-3155-459F-9F00-6B0B5CD360D7}"
EndProject
Project("{FAE04EC0-301F-11D3-BF4B-00C04F79EFBC}") = "GearConfig", "GearConfig\GearConfig.csproj", "{E9DBF404-5D2F-4F78-91FC-30B3E7087766}"
EndProject
Project("{FAE04EC0-301F-11D3-BF4B-00C04F79EFBC}") = "GearLog", "GearLog\GearLog.csproj", "{FFD7647E-A349-499E-9237-0EA6FE1CDE13}"
EndProject
Global
	GlobalSection(SolutionConfigurationPlatforms) = preSolution
		Debug|Any CPU = Debug|Any CPU
		Release|Any CPU = Release|Any CPU
	EndGlobalSection
	GlobalSection(ProjectConfigurationPlatforms) = postSolution
		{8B7CB879-0103-429C-96C7-FE4D18B47812}.Debug|Any CPU.ActiveCfg = Debug|Any CPU
		{8B7CB879-0103-429C-96C7-FE4D18B47812}.Debug|Any CPU.Build.0 = Debug|Any CPU
		{8B7CB879-0103-429C-96C7-FE4D18B47812}.Release|Any CPU.ActiveCfg = Release|Any CPU
		{8B7CB879-0103-429C-96C7-FE4D18B47812}.Release|Any CPU.Build.0 = Release|Any CPU
		{00345AE9-E57F-4F62-9283-E912BCF6E818}.Debug|Any CPU.ActiveCfg = Debug|Any CPU
		{00345AE9-E57F-4F62-9283-E912BCF6E818}.Debug|Any CPU.Build.0 = Debug|Any CPU
		{00345AE9-E57F-4F62-9283-E912BCF6E818}.Release|Any CPU.ActiveCfg = Release|Any CPU
		{00345AE9-E57F-4F62-9283-E912BCF6E818}.Release|Any CPU.Build.0 = Release|Any CPU
		{161C08EE-FCF6-4F48-95B4-6ED1F38F9AB0}.Debug|Any CPU.ActiveCfg = Debug|Any CPU
		{161C08EE-FCF6-4F48-95B4-6ED1F38F9AB0}.Debug|Any CPU.Build.0 = Debug|Any CPU
		{161C08EE-FCF6-4F48-95B4-6ED1F38F9AB0}.Release|Any CPU.ActiveCfg = Release|Any CPU
		{161C08EE-FCF6-4F48-95B4-6ED1F38F9AB0}.Release|Any CPU.Build.0 = Release|Any CPU
		{C5558575-3155-459F-9F00-6B0B5CD360D7}.Debug|Any CPU.ActiveCfg = Debug|Any CPU
		{C5558575-3155-459F-9F00-6B0B5CD360D7}.Debug|Any CPU.Build.0 = Debug|Any CPU
		{C5558575-3155-459F-9F00-6B0B5CD360D7}.Release|Any CPU.ActiveCfg = Release|Any CPU
		{C5558575-3155-459F-9F00-6B0B5CD360D7}.Release|Any CPU.Build.0 = Release|Any CPU
		{E9DBF404-5D2F-4F78-91FC-30B3E7087766}.Debug|Any CPU.ActiveCfg = Debug|Any CPU
		{E9DBF404-5D2F-4F78-91FC-30B3E7087766}.Debug|Any CPU.Build.0 = Debug|Any CPU
		{E9DBF404-5D2F-4F78-91FC-30B3E7087766}.Release|Any CPU.ActiveCfg = Release|Any CPU
		{E9DBF404-5D2F-4F78-91FC-30B3E7087766}.Release|Any CPU.Build.0 = Release|Any CPU
		{FFD7647E-A349-499E-9237-0EA6FE1CDE13}.Debug|Any CPU.ActiveCfg = Debug|Any CPU
		{FFD7647E-A349-499E-9237-0EA6FE1CDE13}.Debug|Any CPU.Build.0 = Debug|Any CPU
		{FFD7647E-A349-499E-9237-0EA6FE1CDE13}.Release|Any CPU.ActiveCfg = Release|Any CPU
		{FFD7647E-A349-499E-9237-0EA6FE1CDE13}.Release|Any CPU.Build.0 = Release|Any CPU
	EndGlobalSection
	GlobalSection(SolutionProperties) = preSolution
		HideSolutionNode = FALSE
	EndGlobalSection
	GlobalSection(NestedProjects) = preSolution
		{161C08EE-FCF6-4F48-95B4-6ED1F38F9AB0} = {34079B24-6FC6-4E11-88EF-764E4CDC32FC}
		{C5558575-3155-459F-9F00-6B0B5CD360D7} = {34079B24-6FC6-4E11-88EF-764E4CDC32FC}
	EndGlobalSection
	GlobalSection(ExtensibilityGlobals) = postSolution
		SolutionGuid = {A8E0C52C-5DF4-49FE-8C64-66FF578841BF}
	EndGlobalSection
EndGlobal
